
Microsoft Visual Studio Solution File, Format Version 12.00
# Visual Studio Version 17
VisualStudioVersion = 17.3.32922.545
MinimumVisualStudioVersion = 10.0.40219.1
Project("{8BC9CEB8-8B4A-11D0-8D11-00A0C91BC942}") = "lab05.4", "lab05.4\lab05.4.vcxproj", "{52E7AD86-380E-455C-8229-A6B3E8F3954D}"
EndProject
Project("{8BC9CEB8-8B4A-11D0-8D11-00A0C91BC942}") = "UnitTest5.4", "UnitTest5.4\UnitTest5.4.vcxproj", "{1AFD0C05-4954-4ED6-A9D3-6EFE3494EB1C}"
EndProject
Global
	GlobalSection(SolutionConfigurationPlatforms) = preSolution
		Debug|x64 = Debug|x64
		Debug|x86 = Debug|x86
		Release|x64 = Release|x64
		Release|x86 = Release|x86
	EndGlobalSection
	GlobalSection(ProjectConfigurationPlatforms) = postSolution
		{52E7AD86-380E-455C-8229-A6B3E8F3954D}.Debug|x64.ActiveCfg = Debug|x64
		{52E7AD86-380E-455C-8229-A6B3E8F3954D}.Debug|x64.Build.0 = Debug|x64
		{52E7AD86-380E-455C-8229-A6B3E8F3954D}.Debug|x86.ActiveCfg = Debug|Win32
		{52E7AD86-380E-455C-8229-A6B3E8F3954D}.Debug|x86.Build.0 = Debug|Win32
		{52E7AD86-380E-455C-8229-A6B3E8F3954D}.Release|x64.ActiveCfg = Release|x64
		{52E7AD86-380E-455C-8229-A6B3E8F3954D}.Release|x64.Build.0 = Release|x64
		{52E7AD86-380E-455C-8229-A6B3E8F3954D}.Release|x86.ActiveCfg = Release|Win32
		{52E7AD86-380E-455C-8229-A6B3E8F3954D}.Release|x86.Build.0 = Release|Win32
		{1AFD0C05-4954-4ED6-A9D3-6EFE3494EB1C}.Debug|x64.ActiveCfg = Debug|x64
		{1AFD0C05-4954-4ED6-A9D3-6EFE3494EB1C}.Debug|x64.Build.0 = Debug|x64
		{1AFD0C05-4954-4ED6-A9D3-6EFE3494EB1C}.Debug|x86.ActiveCfg = Debug|Win32
		{1AFD0C05-4954-4ED6-A9D3-6EFE3494EB1C}.Debug|x86.Build.0 = Debug|Win32
		{1AFD0C05-4954-4ED6-A9D3-6EFE3494EB1C}.Release|x64.ActiveCfg = Release|x64
		{1AFD0C05-4954-4ED6-A9D3-6EFE3494EB1C}.Release|x64.Build.0 = Release|x64
		{1AFD0C05-4954-4ED6-A9D3-6EFE3494EB1C}.Release|x86.ActiveCfg = Release|Win32
		{1AFD0C05-4954-4ED6-A9D3-6EFE3494EB1C}.Release|x86.Build.0 = Release|Win32
	EndGlobalSection
	GlobalSection(SolutionProperties) = preSolution
		HideSolutionNode = FALSE
	EndGlobalSection
	GlobalSection(ExtensibilityGlobals) = postSolution
		SolutionGuid = {E13EFA42-8DAE-4C74-9C2F-28F03D5E021B}
	EndGlobalSection
EndGlobal
